// !$*UTF8*$!
{
	archiveVersion = 1;
	classes = {
	};
	objectVersion = 50;
	objects = {

/* Begin PBXBuildFile section */
		C3350E45271DD36700E3866A /* MyCellTableViewCell.swift in Sources */ = {isa = PBXBuildFile; fileRef = C3350E44271DD36700E3866A /* MyCellTableViewCell.swift */; };
		C3FBA641271DBE210037B985 /* AppDelegate.swift in Sources */ = {isa = PBXBuildFile; fileRef = C3FBA640271DBE210037B985 /* AppDelegate.swift */; };
		C3FBA643271DBE210037B985 /* SceneDelegate.swift in Sources */ = {isa = PBXBuildFile; fileRef = C3FBA642271DBE210037B985 /* SceneDelegate.swift */; };
		C3FBA645271DBE210037B985 /* ViewController.swift in Sources */ = {isa = PBXBuildFile; fileRef = C3FBA644271DBE210037B985 /* ViewController.swift */; };
		C3FBA648271DBE210037B985 /* Main.storyboard in Resources */ = {isa = PBXBuildFile; fileRef = C3FBA646271DBE210037B985 /* Main.storyboard */; };
		C3FBA64B271DBE210037B985 /* To_DoList.xcdatamodeld in Sources */ = {isa = PBXBuildFile; fileRef = C3FBA649271DBE210037B985 /* To_DoList.xcdatamodeld */; };
		C3FBA64D271DBE220037B985 /* Assets.xcassets in Resources */ = {isa = PBXBuildFile; fileRef = C3FBA64C271DBE220037B985 /* Assets.xcassets */; };
		C3FBA650271DBE220037B985 /* LaunchScreen.storyboard in Resources */ = {isa = PBXBuildFile; fileRef = C3FBA64E271DBE220037B985 /* LaunchScreen.storyboard */; };
		C3FBA658271DC0AF0037B985 /* AddListViewController.swift in Sources */ = {isa = PBXBuildFile; fileRef = C3FBA657271DC0AF0037B985 /* AddListViewController.swift */; };
/* End PBXBuildFile section */

/* Begin PBXFileReference section */
		C3350E44271DD36700E3866A /* MyCellTableViewCell.swift */ = {isa = PBXFileReference; lastKnownFileType = sourcecode.swift; path = MyCellTableViewCell.swift; sourceTree = "<group>"; };
		C3FBA63D271DBE210037B985 /* To DoList.app */ = {isa = PBXFileReference; explicitFileType = wrapper.application; includeInIndex = 0; path = "To DoList.app"; sourceTree = BUILT_PRODUCTS_DIR; };
		C3FBA640271DBE210037B985 /* AppDelegate.swift */ = {isa = PBXFileReference; lastKnownFileType = sourcecode.swift; path = AppDelegate.swift; sourceTree = "<group>"; };
		C3FBA642271DBE210037B985 /* SceneDelegate.swift */ = {isa = PBXFileReference; lastKnownFileType = sourcecode.swift; path = SceneDelegate.swift; sourceTree = "<group>"; };
		C3FBA644271DBE210037B985 /* ViewController.swift */ = {isa = PBXFileReference; lastKnownFileType = sourcecode.swift; path = ViewController.swift; sourceTree = "<group>"; };
		C3FBA647271DBE210037B985 /* Base */ = {isa = PBXFileReference; lastKnownFileType = file.storyboard; name = Base; path = Base.lproj/Main.storyboard; sourceTree = "<group>"; };
		C3FBA64A271DBE210037B985 /* To_DoList.xcdatamodel */ = {isa = PBXFileReference; lastKnownFileType = wrapper.xcdatamodel; path = To_DoList.xcdatamodel; sourceTree = "<group>"; };
		C3FBA64C271DBE220037B985 /* Assets.xcassets */ = {isa = PBXFileReference; lastKnownFileType = folder.assetcatalog; path = Assets.xcassets; sourceTree = "<group>"; };
		C3FBA64F271DBE220037B985 /* Base */ = {isa = PBXFileReference; lastKnownFileType = file.storyboard; name = Base; path = Base.lproj/LaunchScreen.storyboard; sourceTree = "<group>"; };
		C3FBA651271DBE220037B985 /* Info.plist */ = {isa = PBXFileReference; lastKnownFileType = text.plist.xml; path = Info.plist; sourceTree = "<group>"; };
		C3FBA657271DC0AF0037B985 /* AddListViewController.swift */ = {isa = PBXFileReference; lastKnownFileType = sourcecode.swift; path = AddListViewController.swift; sourceTree = "<group>"; };
/* End PBXFileReference section */

/* Begin PBXFrameworksBuildPhase section */
		C3FBA63A271DBE210037B985 /* Frameworks */ = {
			isa = PBXFrameworksBuildPhase;
			buildActionMask = 2147483647;
			files = (
			);
			runOnlyForDeploymentPostprocessing = 0;
		};
/* End PBXFrameworksBuildPhase section */

/* Begin PBXGroup section */
		C3FBA634271DBE210037B985 = {
			isa = PBXGroup;
			children = (
				C3FBA63F271DBE210037B985 /* To DoList */,
				C3FBA63E271DBE210037B985 /* Products */,
			);
			sourceTree = "<group>";
		};
		C3FBA63E271DBE210037B985 /* Products */ = {
			isa = PBXGroup;
			children = (
				C3FBA63D271DBE210037B985 /* To DoList.app */,
			);
			name = Products;
			sourceTree = "<group>";
		};
		C3FBA63F271DBE210037B985 /* To DoList */ = {
			isa = PBXGroup;
			children = (
				C3FBA640271DBE210037B985 /* AppDelegate.swift */,
				C3FBA642271DBE210037B985 /* SceneDelegate.swift */,
				C3FBA644271DBE210037B985 /* ViewController.swift */,
				C3FBA657271DC0AF0037B985 /* AddListViewController.swift */,
				C3350E44271DD36700E3866A /* MyCellTableViewCell.swift */,
				C3FBA646271DBE210037B985 /* Main.storyboard */,
				C3FBA64C271DBE220037B985 /* Assets.xcassets */,
				C3FBA64E271DBE220037B985 /* LaunchScreen.storyboard */,
				C3FBA651271DBE220037B985 /* Info.plist */,
				C3FBA649271DBE210037B985 /* To_DoList.xcdatamodeld */,
			);
			path = "To DoList";
			sourceTree = "<group>";
		};
/* End PBXGroup section */

/* Begin PBXNativeTarget section */
		C3FBA63C271DBE210037B985 /* To DoList */ = {
			isa = PBXNativeTarget;
			buildConfigurationList = C3FBA654271DBE220037B985 /* Build configuration list for PBXNativeTarget "To DoList" */;
			buildPhases = (
				C3FBA639271DBE210037B985 /* Sources */,
				C3FBA63A271DBE210037B985 /* Frameworks */,
				C3FBA63B271DBE210037B985 /* Resources */,
			);
			buildRules = (
			);
			dependencies = (
			);
			name = "To DoList";
			productName = "To DoList";
			productReference = C3FBA63D271DBE210037B985 /* To DoList.app */;
			productType = "com.apple.product-type.application";
		};
/* End PBXNativeTarget section */

/* Begin PBXProject section */
		C3FBA635271DBE210037B985 /* Project object */ = {
			isa = PBXProject;
			attributes = {
				LastSwiftUpdateCheck = 1250;
				LastUpgradeCheck = 1250;
				TargetAttributes = {
					C3FBA63C271DBE210037B985 = {
						CreatedOnToolsVersion = 12.5.1;
					};
				};
			};
			buildConfigurationList = C3FBA638271DBE210037B985 /* Build configuration list for PBXProject "To DoList" */;
			compatibilityVersion = "Xcode 9.3";
			developmentRegion = en;
			hasScannedForEncodings = 0;
			knownRegions = (
				en,
				Base,
			);
			mainGroup = C3FBA634271DBE210037B985;
			productRefGroup = C3FBA63E271DBE210037B985 /* Products */;
			projectDirPath = "";
			projectRoot = "";
			targets = (
				C3FBA63C271DBE210037B985 /* To DoList */,
			);
		};
/* End PBXProject section */

/* Begin PBXResourcesBuildPhase section */
		C3FBA63B271DBE210037B985 /* Resources */ = {
			isa = PBXResourcesBuildPhase;
			buildActionMask = 2147483647;
			files = (
				C3FBA650271DBE220037B985 /* LaunchScreen.storyboard in Resources */,
				C3FBA64D271DBE220037B985 /* Assets.xcassets in Resources */,
				C3FBA648271DBE210037B985 /* Main.storyboard in Resources */,
			);
			runOnlyForDeploymentPostprocessing = 0;
		};
/* End PBXResourcesBuildPhase section */

/* Begin PBXSourcesBuildPhase section */
		C3FBA639271DBE210037B985 /* Sources */ = {
			isa = PBXSourcesBuildPhase;
			buildActionMask = 2147483647;
			files = (
				C3FBA645271DBE210037B985 /* ViewController.swift in Sources */,
				C3FBA658271DC0AF0037B985 /* AddListViewController.swift in Sources */,
				C3FBA641271DBE210037B985 /* AppDelegate.swift in Sources */,
				C3350E45271DD36700E3866A /* MyCellTableViewCell.swift in Sources */,
				C3FBA643271DBE210037B985 /* SceneDelegate.swift in Sources */,
				C3FBA64B271DBE210037B985 /* To_DoList.xcdatamodeld in Sources */,
			);
			runOnlyForDeploymentPostprocessing = 0;
		};
/* End PBXSourcesBuildPhase section */

/* Begin PBXVariantGroup section */
		C3FBA646271DBE210037B985 /* Main.storyboard */ = {
			isa = PBXVariantGroup;
			children = (
				C3FBA647271DBE210037B985 /* Base */,
			);
			name = Main.storyboard;
			sourceTree = "<group>";
		};
		C3FBA64E271DBE220037B985 /* LaunchScreen.storyboard */ = {
			isa = PBXVariantGroup;
			children = (
				C3FBA64F271DBE220037B985 /* Base */,
			);
			name = LaunchScreen.storyboard;
			sourceTree = "<group>";
		};
/* End PBXVariantGroup section */

/* Begin XCBuildConfiguration section */
		C3FBA652271DBE220037B985 /* Debug */ = {
			isa = XCBuildConfiguration;
			buildSettings = {
				ALWAYS_SEARCH_USER_PATHS = NO;
				CLANG_ANALYZER_NONNULL = YES;
				CLANG_ANALYZER_NUMBER_OBJECT_CONVERSION = YES_AGGRESSIVE;
				CLANG_CXX_LANGUAGE_STANDARD = "gnu++14";
				CLANG_CXX_LIBRARY = "libc++";
				CLANG_ENABLE_MODULES = YES;
				CLANG_ENABLE_OBJC_ARC = YES;
				CLANG_ENABLE_OBJC_WEAK = YES;
				CLANG_WARN_BLOCK_CAPTURE_AUTORELEASING = YES;
				CLANG_WARN_BOOL_CONVERSION = YES;
				CLANG_WARN_COMMA = YES;
				CLANG_WARN_CONSTANT_CONVERSION = YES;
				CLANG_WARN_DEPRECATED_OBJC_IMPLEMENTATIONS = YES;
				CLANG_WARN_DIRECT_OBJC_ISA_USAGE = YES_ERROR;
				CLANG_WARN_DOCUMENTATION_COMMENTS = YES;
				CLANG_WARN_EMPTY_BODY = YES;
				CLANG_WARN_ENUM_CONVERSION = YES;
				CLANG_WARN_INFINITE_RECURSION = YES;
				CLANG_WARN_INT_CONVERSION = YES;
				CLANG_WARN_NON_LITERAL_NULL_CONVERSION = YES;
				CLANG_WARN_OBJC_IMPLICIT_RETAIN_SELF = YES;
				CLANG_WARN_OBJC_LITERAL_CONVERSION = YES;
				CLANG_WARN_OBJC_ROOT_CLASS = YES_ERROR;
				CLANG_WARN_QUOTED_INCLUDE_IN_FRAMEWORK_HEADER = YES;
				CLANG_WARN_RANGE_LOOP_ANALYSIS = YES;
				CLANG_WARN_STRICT_PROTOTYPES = YES;
				CLANG_WARN_SUSPICIOUS_MOVE = YES;
				CLANG_WARN_UNGUARDED_AVAILABILITY = YES_AGGRESSIVE;
				CLANG_WARN_UNREACHABLE_CODE = YES;
				CLANG_WARN__DUPLICATE_METHOD_MATCH = YES;
				COPY_PHASE_STRIP = NO;
				DEBUG_INFORMATION_FORMAT = dwarf;
				ENABLE_STRICT_OBJC_MSGSEND = YES;
				ENABLE_TESTABILITY = YES;
				GCC_C_LANGUAGE_STANDARD = gnu11;
				GCC_DYNAMIC_NO_PIC = NO;
				GCC_NO_COMMON_BLOCKS = YES;
				GCC_OPTIMIZATION_LEVEL = 0;
				GCC_PREPROCESSOR_DEFINITIONS = (
					"DEBUG=1",
					"$(inherited)",
				);
				GCC_WARN_64_TO_32_BIT_CONVERSION = YES;
				GCC_WARN_ABOUT_RETURN_TYPE = YES_ERROR;
				GCC_WARN_UNDECLARED_SELECTOR = YES;
				GCC_WARN_UNINITIALIZED_AUTOS = YES_AGGRESSIVE;
				GCC_WARN_UNUSED_FUNCTION = YES;
				GCC_WARN_UNUSED_VARIABLE = YES;
				IPHONEOS_DEPLOYMENT_TARGET = 14.5;
				MTL_ENABLE_DEBUG_INFO = INCLUDE_SOURCE;
				MTL_FAST_MATH = YES;
				ONLY_ACTIVE_ARCH = YES;
				SDKROOT = iphoneos;
				SWIFT_ACTIVE_COMPILATION_CONDITIONS = DEBUG;
				SWIFT_OPTIMIZATION_LEVEL = "-Onone";
			};
			name = Debug;
		};
		C3FBA653271DBE220037B985 /* Release */ = {
			isa = XCBuildConfiguration;
			buildSettings = {
				ALWAYS_SEARCH_USER_PATHS = NO;
				CLANG_ANALYZER_NONNULL = YES;
				CLANG_ANALYZER_NUMBER_OBJECT_CONVERSION = YES_AGGRESSIVE;
				CLANG_CXX_LANGUAGE_STANDARD = "gnu++14";
				CLANG_CXX_LIBRARY = "libc++";
				CLANG_ENABLE_MODULES = YES;
				CLANG_ENABLE_OBJC_ARC = YES;
				CLANG_ENABLE_OBJC_WEAK = YES;
				CLANG_WARN_BLOCK_CAPTURE_AUTORELEASING = YES;
				CLANG_WARN_BOOL_CONVERSION = YES;
				CLANG_WARN_COMMA = YES;
				CLANG_WARN_CONSTANT_CONVERSION = YES;
				CLANG_WARN_DEPRECATED_OBJC_IMPLEMENTATIONS = YES;
				CLANG_WARN_DIRECT_OBJC_ISA_USAGE = YES_ERROR;
				CLANG_WARN_DOCUMENTATION_COMMENTS = YES;
				CLANG_WARN_EMPTY_BODY = YES;
				CLANG_WARN_ENUM_CONVERSION = YES;
				CLANG_WARN_INFINITE_RECURSION = YES;
				CLANG_WARN_INT_CONVERSION = YES;
				CLANG_WARN_NON_LITERAL_NULL_CONVERSION = YES;
				CLANG_WARN_OBJC_IMPLICIT_RETAIN_SELF = YES;
				CLANG_WARN_OBJC_LITERAL_CONVERSION = YES;
				CLANG_WARN_OBJC_ROOT_CLASS = YES_ERROR;
				CLANG_WARN_QUOTED_INCLUDE_IN_FRAMEWORK_HEADER = YES;
				CLANG_WARN_RANGE_LOOP_ANALYSIS = YES;
				CLANG_WARN_STRICT_PROTOTYPES = YES;
				CLANG_WARN_SUSPICIOUS_MOVE = YES;
				CLANG_WARN_UNGUARDED_AVAILABILITY = YES_AGGRESSIVE;
				CLANG_WARN_UNREACHABLE_CODE = YES;
				CLANG_WARN__DUPLICATE_METHOD_MATCH = YES;
				COPY_PHASE_STRIP = NO;
				DEBUG_INFORMATION_FORMAT = "dwarf-with-dsym";
				ENABLE_NS_ASSERTIONS = NO;
				ENABLE_STRICT_OBJC_MSGSEND = YES;
				GCC_C_LANGUAGE_STANDARD = gnu11;
				GCC_NO_COMMON_BLOCKS = YES;
				GCC_WARN_64_TO_32_BIT_CONVERSION = YES;
				GCC_WARN_ABOUT_RETURN_TYPE = YES_ERROR;
				GCC_WARN_UNDECLARED_SELECTOR = YES;
				GCC_WARN_UNINITIALIZED_AUTOS = YES_AGGRESSIVE;
				GCC_WARN_UNUSED_FUNCTION = YES;
				GCC_WARN_UNUSED_VARIABLE = YES;
				IPHONEOS_DEPLOYMENT_TARGET = 14.5;
				MTL_ENABLE_DEBUG_INFO = NO;
				MTL_FAST_MATH = YES;
				SDKROOT = iphoneos;
				SWIFT_COMPILATION_MODE = wholemodule;
				SWIFT_OPTIMIZATION_LEVEL = "-O";
				VALIDATE_PRODUCT = YES;
			};
			name = Release;
		};
		C3FBA655271DBE220037B985 /* Debug */ = {
			isa = XCBuildConfiguration;
			buildSettings = {
				ASSETCATALOG_COMPILER_APPICON_NAME = AppIcon;
				ASSETCATALOG_COMPILER_GLOBAL_ACCENT_COLOR_NAME = AccentColor;
				CODE_SIGN_STYLE = Automatic;
				INFOPLIST_FILE = "To DoList/Info.plist";
				LD_RUNPATH_SEARCH_PATHS = (
					"$(inherited)",
					"@executable_path/Frameworks",
				);
				PRODUCT_BUNDLE_IDENTIFIER = wasan.toDoList;
				PRODUCT_NAME = "$(TARGET_NAME)";
				SWIFT_VERSION = 5.0;
				TARGETED_DEVICE_FAMILY = "1,2";
			};
			name = Debug;
		};
		C3FBA656271DBE220037B985 /* Release */ = {
			isa = XCBuildConfiguration;
			buildSettings = {
				ASSETCATALOG_COMPILER_APPICON_NAME = AppIcon;
				ASSETCATALOG_COMPILER_GLOBAL_ACCENT_COLOR_NAME = AccentColor;
				CODE_SIGN_STYLE = Automatic;
				INFOPLIST_FILE = "To DoList/Info.plist";
				LD_RUNPATH_SEARCH_PATHS = (
					"$(inherited)",
					"@executable_path/Frameworks",
				);
				PRODUCT_BUNDLE_IDENTIFIER = wasan.toDoList;
				PRODUCT_NAME = "$(TARGET_NAME)";
				SWIFT_VERSION = 5.0;
				TARGETED_DEVICE_FAMILY = "1,2";
			};
			name = Release;
		};
/* End XCBuildConfiguration section */

/* Begin XCConfigurationList section */
		C3FBA638271DBE210037B985 /* Build configuration list for PBXProject "To DoList" */ = {
			isa = XCConfigurationList;
			buildConfigurations = (
				C3FBA652271DBE220037B985 /* Debug */,
				C3FBA653271DBE220037B985 /* Release */,
			);
			defaultConfigurationIsVisible = 0;
			defaultConfigurationName = Release;
		};
		C3FBA654271DBE220037B985 /* Build configuration list for PBXNativeTarget "To DoList" */ = {
			isa = XCConfigurationList;
			buildConfigurations = (
				C3FBA655271DBE220037B985 /* Debug */,
				C3FBA656271DBE220037B985 /* Release */,
			);
			defaultConfigurationIsVisible = 0;
			defaultConfigurationName = Release;
		};
/* End XCConfigurationList section */

/* Begin XCVersionGroup section */
		C3FBA649271DBE210037B985 /* To_DoList.xcdatamodeld */ = {
			isa = XCVersionGroup;
			children = (
				C3FBA64A271DBE210037B985 /* To_DoList.xcdatamodel */,
			);
			currentVersion = C3FBA64A271DBE210037B985 /* To_DoList.xcdatamodel */;
			path = To_DoList.xcdatamodeld;
			sourceTree = "<group>";
			versionGroupType = wrapper.xcdatamodel;
		};
/* End XCVersionGroup section */
	};
	rootObject = C3FBA635271DBE210037B985 /* Project object */;
}
